<Solution>
  <Folder Name="/Solution Items/">
    <File Path=".editorconfig" />
    <File Path=".gitattributes" />
    <File Path=".gitignore" />
    <File Path="Directory.Packages.props" />
  </Folder>
  <Folder Name="/src/">
    <Project Path="src/AppTemplate.AppHost/AppTemplate.AppHost.csproj" />
    <Project Path="src/AppTemplate.Core/AppTemplate.Core.csproj" />
    <Project Path="src/AppTemplate.Infrastructure/AppTemplate.Infrastructure.csproj" />
    <Project Path="src/AppTemplate.ServiceDefaults/AppTemplate.ServiceDefaults.csproj" />
    <Project Path="src/AppTemplate.SharedKernel/AppTemplate.SharedKernel.csproj" />
    <Project
      Path="src/AppTemplate.UseCases/AppTemplate.UseCases.csproj"
      Id="efbcb6d6-b5ec-4266-9bef-cd026e9a8f12"
    />
    <Project Path="src/AppTemplate.Web/AppTemplate.Web.csproj" />
  </Folder>
</Solution>
