<Solution>
  <Folder Name="/Solution Items/">
    <File Path=".editorconfig" />
    <File Path=".gitattributes" />
    <File Path=".gitignore" />
    <File Path="Directory.Packages.props" />
  </Folder>
  <Folder Name="/src/">
    <Project Path="//wsl.localhost/Ubuntu/home/redakas/projects/dotnet-angular-aspire-template/backend/src/AppTemplate.AppHost/AppTemplate.AppHost.csproj" />
    <Project Path="//wsl.localhost/Ubuntu/home/redakas/projects/dotnet-angular-aspire-template/backend/src/AppTemplate.BackendForFrontend/AppTemplate.BackendForFrontend.csproj" />
    <Project Path="//wsl.localhost/Ubuntu/home/redakas/projects/dotnet-angular-aspire-template/backend/src/AppTemplate.Core/AppTemplate.Core.csproj" />
    <Project Path="//wsl.localhost/Ubuntu/home/redakas/projects/dotnet-angular-aspire-template/backend/src/AppTemplate.Infrastructure/AppTemplate.Infrastructure.csproj" />
    <Project Path="//wsl.localhost/Ubuntu/home/redakas/projects/dotnet-angular-aspire-template/backend/src/AppTemplate.ServiceDefaults/AppTemplate.ServiceDefaults.csproj" />
    <Project Path="//wsl.localhost/Ubuntu/home/redakas/projects/dotnet-angular-aspire-template/backend/src/AppTemplate.SharedKernel/AppTemplate.SharedKernel.csproj" />
    <Project Path="//wsl.localhost/Ubuntu/home/redakas/projects/dotnet-angular-aspire-template/backend/src/AppTemplate.UseCases/AppTemplate.UseCases.csproj" Id="efbcb6d6-b5ec-4266-9bef-cd026e9a8f12" />
    <Project Path="//wsl.localhost/Ubuntu/home/redakas/projects/dotnet-angular-aspire-template/backend/src/AppTemplate.Web/AppTemplate.Web.csproj" />
  </Folder>
  <Folder Name="/tests/">
    <Project Path="//wsl.localhost/Ubuntu/home/redakas/projects/dotnet-angular-aspire-template/backend/tests/AppTemplate.FunctionalTests/AppTemplate.FunctionalTests.csproj" />
    <Project Path="//wsl.localhost/Ubuntu/home/redakas/projects/dotnet-angular-aspire-template/backend/tests/AppTemplate.UnitTests/AppTemplate.UnitTests.csproj" />
  </Folder>
</Solution>
