<Solution>
  <Folder Name="/Solution Items/">
    <File Path=".editorconfig" />
    <File Path=".gitattributes" />
    <File Path=".gitignore" />
    <File Path="Directory.Packages.props" />
  </Folder>
  <Folder Name="/src/">
    <Project Path="src/AppTemplate.AppHost/AppTemplate.AppHost.csproj" />
    <Project Path="src/AppTemplate.BackendForFrontend/AppTemplate.BackendForFrontend.csproj" />
    <Project Path="src/AppTemplate.Core/AppTemplate.Core.csproj" />
    <Project Path="src/AppTemplate.Infrastructure/AppTemplate.Infrastructure.csproj" />
    <Project Path="src/AppTemplate.ServiceDefaults/AppTemplate.ServiceDefaults.csproj" />
    <Project Path="src/AppTemplate.SharedKernel/AppTemplate.SharedKernel.csproj" />
    <Project Path="src/AppTemplate.UseCases/AppTemplate.UseCases.csproj" />
    <Project Path="src/AppTemplate.Web/AppTemplate.Web.csproj" />
  </Folder>
  <Folder Name="/tests/">
    <Project Path="tests/AppTemplate.ArchitectureTests/AppTemplate.ArchitectureTests.csproj" />
    <Project Path="tests/AppTemplate.BackendForFrontend.Tests/AppTemplate.BackendForFrontend.Tests.csproj" />
    <Project Path="tests/AppTemplate.FunctionalTests/AppTemplate.FunctionalTests.csproj" />
    <Project Path="tests/AppTemplate.UnitTests/AppTemplate.UnitTests.csproj" />
  </Folder>
</Solution>
